
Microsoft Visual Studio Solution File, Format Version 12.00
# Visual Studio Version 17
VisualStudioVersion = 17.2.32616.157
MinimumVisualStudioVersion = 10.0.40219.1
Project("{2150E333-8FDC-42A3-9474-1A3956D46DE8}") = "Services", "Services", "{73F390D6-7459-4CB1-ADCD-D9ECEF0B023F}"
EndProject
Project("{2150E333-8FDC-42A3-9474-1A3956D46DE8}") = "Catalog", "Catalog", "{318F5838-1A72-41F1-A34B-A0BDE590BB57}"
EndProject
Project("{FAE04EC0-301F-11D3-BF4B-00C04F79EFBC}") = "Catalog.Api", "..\src\Services\Catalog\Catalog.Api\Catalog.Api.csproj", "{04C3AFA3-2503-46F7-A55A-79A22EF80980}"
EndProject
Global
	GlobalSection(SolutionConfigurationPlatforms) = preSolution
		Debug|Any CPU = Debug|Any CPU
		Release|Any CPU = Release|Any CPU
	EndGlobalSection
	GlobalSection(ProjectConfigurationPlatforms) = postSolution
		{04C3AFA3-2503-46F7-A55A-79A22EF80980}.Debug|Any CPU.ActiveCfg = Debug|Any CPU
		{04C3AFA3-2503-46F7-A55A-79A22EF80980}.Debug|Any CPU.Build.0 = Debug|Any CPU
		{04C3AFA3-2503-46F7-A55A-79A22EF80980}.Release|Any CPU.ActiveCfg = Release|Any CPU
		{04C3AFA3-2503-46F7-A55A-79A22EF80980}.Release|Any CPU.Build.0 = Release|Any CPU
	EndGlobalSection
	GlobalSection(SolutionProperties) = preSolution
		HideSolutionNode = FALSE
	EndGlobalSection
	GlobalSection(NestedProjects) = preSolution
		{318F5838-1A72-41F1-A34B-A0BDE590BB57} = {73F390D6-7459-4CB1-ADCD-D9ECEF0B023F}
		{04C3AFA3-2503-46F7-A55A-79A22EF80980} = {318F5838-1A72-41F1-A34B-A0BDE590BB57}
	EndGlobalSection
	GlobalSection(ExtensibilityGlobals) = postSolution
		SolutionGuid = {B41853F5-0BF4-412A-8BE0-D1FBC4A10F77}
	EndGlobalSection
EndGlobal
